
Microsoft Visual Studio Solution File, Format Version 12.00
# Visual Studio Version 17
VisualStudioVersion = 17.10.34928.147
MinimumVisualStudioVersion = 10.0.40219.1
Project("{FAE04EC0-301F-11D3-BF4B-00C04F79EFBC}") = "trabajo-programacion-III", "trabajo-programacion-III\trabajo-programacion-III.csproj", "{EF77F507-A5FF-45BC-811F-523671C78ADB}"
EndProject
Global
	GlobalSection(SolutionConfigurationPlatforms) = preSolution
		Debug|Any CPU = Debug|Any CPU
		Release|Any CPU = Release|Any CPU
	EndGlobalSection
	GlobalSection(ProjectConfigurationPlatforms) = postSolution
		{EF77F507-A5FF-45BC-811F-523671C78ADB}.Debug|Any CPU.ActiveCfg = Debug|Any CPU
		{EF77F507-A5FF-45BC-811F-523671C78ADB}.Debug|Any CPU.Build.0 = Debug|Any CPU
		{EF77F507-A5FF-45BC-811F-523671C78ADB}.Release|Any CPU.ActiveCfg = Release|Any CPU
		{EF77F507-A5FF-45BC-811F-523671C78ADB}.Release|Any CPU.Build.0 = Release|Any CPU
	EndGlobalSection
	GlobalSection(SolutionProperties) = preSolution
		HideSolutionNode = FALSE
	EndGlobalSection
	GlobalSection(ExtensibilityGlobals) = postSolution
		SolutionGuid = {81A34D91-CFB4-4433-85F1-52AF879995CB}
	EndGlobalSection
EndGlobal
